
Microsoft Visual Studio Solution File, Format Version 12.00
# Visual Studio Version 16
VisualStudioVersion = 16.0.33529.622
MinimumVisualStudioVersion = 10.0.40219.1
Project("{FAE04EC0-301F-11D3-BF4B-00C04F79EFBC}") = "ED_P5U3_COLAS", "ED_P5U3_COLAS.csproj", "{0B564BE6-3771-45E2-90BE-6CBDE42EE24D}"
EndProject
Global
	GlobalSection(SolutionConfigurationPlatforms) = preSolution
		Debug|Any CPU = Debug|Any CPU
		Release|Any CPU = Release|Any CPU
	EndGlobalSection
	GlobalSection(ProjectConfigurationPlatforms) = postSolution
		{0B564BE6-3771-45E2-90BE-6CBDE42EE24D}.Debug|Any CPU.ActiveCfg = Debug|Any CPU
		{0B564BE6-3771-45E2-90BE-6CBDE42EE24D}.Debug|Any CPU.Build.0 = Debug|Any CPU
		{0B564BE6-3771-45E2-90BE-6CBDE42EE24D}.Release|Any CPU.ActiveCfg = Release|Any CPU
		{0B564BE6-3771-45E2-90BE-6CBDE42EE24D}.Release|Any CPU.Build.0 = Release|Any CPU
	EndGlobalSection
	GlobalSection(SolutionProperties) = preSolution
		HideSolutionNode = FALSE
	EndGlobalSection
	GlobalSection(ExtensibilityGlobals) = postSolution
		SolutionGuid = {A213AC3B-C019-4AB8-B8EF-03B10D9F337D}
	EndGlobalSection
EndGlobal
